
Microsoft Visual Studio Solution File, Format Version 12.00
# Visual Studio Version 17
VisualStudioVersion = 17.11.35303.130
MinimumVisualStudioVersion = 10.0.40219.1
Project("{FAE04EC0-301F-11D3-BF4B-00C04F79EFBC}") = "01_MainSubjects", "01_MainSubjects\01_MainSubjects.csproj", "{F27863E3-5F3D-4C56-B4D5-A19DAA5C1909}"
EndProject
Project("{FAE04EC0-301F-11D3-BF4B-00C04F79EFBC}") = "02_Variables", "02_Variables\02_Variables.csproj", "{7F0E7274-62BB-4DE4-AA02-FA59604E7250}"
EndProject
Global
	GlobalSection(SolutionConfigurationPlatforms) = preSolution
		Debug|Any CPU = Debug|Any CPU
		Release|Any CPU = Release|Any CPU
	EndGlobalSection
	GlobalSection(ProjectConfigurationPlatforms) = postSolution
		{F27863E3-5F3D-4C56-B4D5-A19DAA5C1909}.Debug|Any CPU.ActiveCfg = Debug|Any CPU
		{F27863E3-5F3D-4C56-B4D5-A19DAA5C1909}.Debug|Any CPU.Build.0 = Debug|Any CPU
		{F27863E3-5F3D-4C56-B4D5-A19DAA5C1909}.Release|Any CPU.ActiveCfg = Release|Any CPU
		{F27863E3-5F3D-4C56-B4D5-A19DAA5C1909}.Release|Any CPU.Build.0 = Release|Any CPU
		{7F0E7274-62BB-4DE4-AA02-FA59604E7250}.Debug|Any CPU.ActiveCfg = Debug|Any CPU
		{7F0E7274-62BB-4DE4-AA02-FA59604E7250}.Debug|Any CPU.Build.0 = Debug|Any CPU
		{7F0E7274-62BB-4DE4-AA02-FA59604E7250}.Release|Any CPU.ActiveCfg = Release|Any CPU
		{7F0E7274-62BB-4DE4-AA02-FA59604E7250}.Release|Any CPU.Build.0 = Release|Any CPU
	EndGlobalSection
	GlobalSection(SolutionProperties) = preSolution
		HideSolutionNode = FALSE
	EndGlobalSection
	GlobalSection(ExtensibilityGlobals) = postSolution
		SolutionGuid = {3BFC2362-E949-4BBD-B2CB-F5C576CD7BF9}
	EndGlobalSection
EndGlobal
