
Microsoft Visual Studio Solution File, Format Version 12.00
# Visual Studio Version 17
VisualStudioVersion = 17.11.35303.130
MinimumVisualStudioVersion = 10.0.40219.1
Project("{FAE04EC0-301F-11D3-BF4B-00C04F79EFBC}") = "01_MainSubjects", "01_MainSubjects\01_MainSubjects.csproj", "{F27863E3-5F3D-4C56-B4D5-A19DAA5C1909}"
EndProject
Project("{FAE04EC0-301F-11D3-BF4B-00C04F79EFBC}") = "02_Variables", "02_Variables\02_Variables.csproj", "{7F0E7274-62BB-4DE4-AA02-FA59604E7250}"
EndProject
Project("{FAE04EC0-301F-11D3-BF4B-00C04F79EFBC}") = "03_MakingDecision", "03_MakingDecision\03_MakingDecision.csproj", "{FED09CC4-7D5B-46E8-A75D-9084C8836EA9}"
EndProject
Project("{FAE04EC0-301F-11D3-BF4B-00C04F79EFBC}") = "04_loops", "04_loops\04_loops.csproj", "{F85222E7-0733-4FB2-AD57-EC6026B66F9C}"
EndProject
Project("{FAE04EC0-301F-11D3-BF4B-00C04F79EFBC}") = "05_LoopWithStars", "05_LoopWithStars\05_LoopWithStars.csproj", "{AC5B35B9-967E-4BCC-8DD0-A95953CEAAC0}"
EndProject
Project("{FAE04EC0-301F-11D3-BF4B-00C04F79EFBC}") = "06_Arrays", "06_Arrays\06_Arrays.csproj", "{5FC0BF56-4DA0-4648-B2E7-E379FE84770C}"
EndProject
Project("{FAE04EC0-301F-11D3-BF4B-00C04F79EFBC}") = "07_ForeachLoop", "07_ForeachLoop\07_ForeachLoop.csproj", "{8859032D-CE0D-4BE1-AC29-E9F330E63DDC}"
EndProject
Project("{FAE04EC0-301F-11D3-BF4B-00C04F79EFBC}") = "08_Methods", "08_Methods\08_Methods.csproj", "{FF5C87EB-8438-4125-8523-8D30FA62CA01}"
EndProject
Project("{FAE04EC0-301F-11D3-BF4B-00C04F79EFBC}") = "09_dataBase", "09_dataBase\09_dataBase.csproj", "{52550698-9F13-4B6C-9250-B4144E1E75E4}"
EndProject
Project("{FAE04EC0-301F-11D3-BF4B-00C04F79EFBC}") = "10_DatabaseCrud", "10_DatabaseCrud\10_DatabaseCrud.csproj", "{333ACE1C-8310-474E-A496-BA000EFB696A}"
EndProject
Global
	GlobalSection(SolutionConfigurationPlatforms) = preSolution
		Debug|Any CPU = Debug|Any CPU
		Release|Any CPU = Release|Any CPU
	EndGlobalSection
	GlobalSection(ProjectConfigurationPlatforms) = postSolution
		{F27863E3-5F3D-4C56-B4D5-A19DAA5C1909}.Debug|Any CPU.ActiveCfg = Debug|Any CPU
		{F27863E3-5F3D-4C56-B4D5-A19DAA5C1909}.Debug|Any CPU.Build.0 = Debug|Any CPU
		{F27863E3-5F3D-4C56-B4D5-A19DAA5C1909}.Release|Any CPU.ActiveCfg = Release|Any CPU
		{F27863E3-5F3D-4C56-B4D5-A19DAA5C1909}.Release|Any CPU.Build.0 = Release|Any CPU
		{7F0E7274-62BB-4DE4-AA02-FA59604E7250}.Debug|Any CPU.ActiveCfg = Debug|Any CPU
		{7F0E7274-62BB-4DE4-AA02-FA59604E7250}.Debug|Any CPU.Build.0 = Debug|Any CPU
		{7F0E7274-62BB-4DE4-AA02-FA59604E7250}.Release|Any CPU.ActiveCfg = Release|Any CPU
		{7F0E7274-62BB-4DE4-AA02-FA59604E7250}.Release|Any CPU.Build.0 = Release|Any CPU
		{FED09CC4-7D5B-46E8-A75D-9084C8836EA9}.Debug|Any CPU.ActiveCfg = Debug|Any CPU
		{FED09CC4-7D5B-46E8-A75D-9084C8836EA9}.Debug|Any CPU.Build.0 = Debug|Any CPU
		{FED09CC4-7D5B-46E8-A75D-9084C8836EA9}.Release|Any CPU.ActiveCfg = Release|Any CPU
		{FED09CC4-7D5B-46E8-A75D-9084C8836EA9}.Release|Any CPU.Build.0 = Release|Any CPU
		{F85222E7-0733-4FB2-AD57-EC6026B66F9C}.Debug|Any CPU.ActiveCfg = Debug|Any CPU
		{F85222E7-0733-4FB2-AD57-EC6026B66F9C}.Debug|Any CPU.Build.0 = Debug|Any CPU
		{F85222E7-0733-4FB2-AD57-EC6026B66F9C}.Release|Any CPU.ActiveCfg = Release|Any CPU
		{F85222E7-0733-4FB2-AD57-EC6026B66F9C}.Release|Any CPU.Build.0 = Release|Any CPU
		{AC5B35B9-967E-4BCC-8DD0-A95953CEAAC0}.Debug|Any CPU.ActiveCfg = Debug|Any CPU
		{AC5B35B9-967E-4BCC-8DD0-A95953CEAAC0}.Debug|Any CPU.Build.0 = Debug|Any CPU
		{AC5B35B9-967E-4BCC-8DD0-A95953CEAAC0}.Release|Any CPU.ActiveCfg = Release|Any CPU
		{AC5B35B9-967E-4BCC-8DD0-A95953CEAAC0}.Release|Any CPU.Build.0 = Release|Any CPU
		{5FC0BF56-4DA0-4648-B2E7-E379FE84770C}.Debug|Any CPU.ActiveCfg = Debug|Any CPU
		{5FC0BF56-4DA0-4648-B2E7-E379FE84770C}.Debug|Any CPU.Build.0 = Debug|Any CPU
		{5FC0BF56-4DA0-4648-B2E7-E379FE84770C}.Release|Any CPU.ActiveCfg = Release|Any CPU
		{5FC0BF56-4DA0-4648-B2E7-E379FE84770C}.Release|Any CPU.Build.0 = Release|Any CPU
		{8859032D-CE0D-4BE1-AC29-E9F330E63DDC}.Debug|Any CPU.ActiveCfg = Debug|Any CPU
		{8859032D-CE0D-4BE1-AC29-E9F330E63DDC}.Debug|Any CPU.Build.0 = Debug|Any CPU
		{8859032D-CE0D-4BE1-AC29-E9F330E63DDC}.Release|Any CPU.ActiveCfg = Release|Any CPU
		{8859032D-CE0D-4BE1-AC29-E9F330E63DDC}.Release|Any CPU.Build.0 = Release|Any CPU
		{FF5C87EB-8438-4125-8523-8D30FA62CA01}.Debug|Any CPU.ActiveCfg = Debug|Any CPU
		{FF5C87EB-8438-4125-8523-8D30FA62CA01}.Debug|Any CPU.Build.0 = Debug|Any CPU
		{FF5C87EB-8438-4125-8523-8D30FA62CA01}.Release|Any CPU.ActiveCfg = Release|Any CPU
		{FF5C87EB-8438-4125-8523-8D30FA62CA01}.Release|Any CPU.Build.0 = Release|Any CPU
		{52550698-9F13-4B6C-9250-B4144E1E75E4}.Debug|Any CPU.ActiveCfg = Debug|Any CPU
		{52550698-9F13-4B6C-9250-B4144E1E75E4}.Debug|Any CPU.Build.0 = Debug|Any CPU
		{52550698-9F13-4B6C-9250-B4144E1E75E4}.Release|Any CPU.ActiveCfg = Release|Any CPU
		{52550698-9F13-4B6C-9250-B4144E1E75E4}.Release|Any CPU.Build.0 = Release|Any CPU
		{333ACE1C-8310-474E-A496-BA000EFB696A}.Debug|Any CPU.ActiveCfg = Debug|Any CPU
		{333ACE1C-8310-474E-A496-BA000EFB696A}.Debug|Any CPU.Build.0 = Debug|Any CPU
		{333ACE1C-8310-474E-A496-BA000EFB696A}.Release|Any CPU.ActiveCfg = Release|Any CPU
		{333ACE1C-8310-474E-A496-BA000EFB696A}.Release|Any CPU.Build.0 = Release|Any CPU
	EndGlobalSection
	GlobalSection(SolutionProperties) = preSolution
		HideSolutionNode = FALSE
	EndGlobalSection
	GlobalSection(ExtensibilityGlobals) = postSolution
		SolutionGuid = {3BFC2362-E949-4BBD-B2CB-F5C576CD7BF9}
	EndGlobalSection
EndGlobal
